
Microsoft Visual Studio Solution File, Format Version 12.00
Project("{FAE04EC0-301F-11D3-BF4B-00C04F79EFBC}") = "Api", "Api\Api.csproj", "{E83A0118-D0AB-4320-8CC1-AFE0C7AD7C16}"
EndProject
Project("{FAE04EC0-301F-11D3-BF4B-00C04F79EFBC}") = "Core", "Core\Core.csproj", "{F876DC7D-032D-4511-94F7-601039FF55C5}"
EndProject
Project("{FAE04EC0-301F-11D3-BF4B-00C04F79EFBC}") = "Infrastructure", "Infrastructure\Infrastructure.csproj", "{E8BB2AD7-FE4A-40CA-8C49-2DABB5BEA82A}"
EndProject
Project("{FAE04EC0-301F-11D3-BF4B-00C04F79EFBC}") = "Identity.Api", "Identity.Api\Identity.Api.csproj", "{2A41B89B-ED3D-42C4-92D6-8FB457BA7F8D}"
EndProject
Project("{2150E333-8FDC-42A3-9474-1A3956D46DE8}") = "Src", "Src", "{F7DEA8C9-EB29-40C1-A8F9-3CF0E3C4F270}"
EndProject
Project("{2150E333-8FDC-42A3-9474-1A3956D46DE8}") = "Provisioning", "Provisioning", "{D20BDFFB-AE4C-4EF7-AAB6-D8439BD95212}"
	ProjectSection(SolutionItems) = preProject
		Provisioning\main.bicep = Provisioning\main.bicep
		Provisioning\release.yml = Provisioning\release.yml
		Provisioning\build.yml = Provisioning\build.yml
	EndProjectSection
EndProject
Global
	GlobalSection(SolutionConfigurationPlatforms) = preSolution
		Debug|Any CPU = Debug|Any CPU
		Release|Any CPU = Release|Any CPU
	EndGlobalSection
	GlobalSection(ProjectConfigurationPlatforms) = postSolution
		{E83A0118-D0AB-4320-8CC1-AFE0C7AD7C16}.Debug|Any CPU.ActiveCfg = Debug|Any CPU
		{E83A0118-D0AB-4320-8CC1-AFE0C7AD7C16}.Debug|Any CPU.Build.0 = Debug|Any CPU
		{E83A0118-D0AB-4320-8CC1-AFE0C7AD7C16}.Release|Any CPU.ActiveCfg = Release|Any CPU
		{E83A0118-D0AB-4320-8CC1-AFE0C7AD7C16}.Release|Any CPU.Build.0 = Release|Any CPU
		{F876DC7D-032D-4511-94F7-601039FF55C5}.Debug|Any CPU.ActiveCfg = Debug|Any CPU
		{F876DC7D-032D-4511-94F7-601039FF55C5}.Debug|Any CPU.Build.0 = Debug|Any CPU
		{F876DC7D-032D-4511-94F7-601039FF55C5}.Release|Any CPU.ActiveCfg = Release|Any CPU
		{F876DC7D-032D-4511-94F7-601039FF55C5}.Release|Any CPU.Build.0 = Release|Any CPU
		{E8BB2AD7-FE4A-40CA-8C49-2DABB5BEA82A}.Debug|Any CPU.ActiveCfg = Debug|Any CPU
		{E8BB2AD7-FE4A-40CA-8C49-2DABB5BEA82A}.Debug|Any CPU.Build.0 = Debug|Any CPU
		{E8BB2AD7-FE4A-40CA-8C49-2DABB5BEA82A}.Release|Any CPU.ActiveCfg = Release|Any CPU
		{E8BB2AD7-FE4A-40CA-8C49-2DABB5BEA82A}.Release|Any CPU.Build.0 = Release|Any CPU
		{2A41B89B-ED3D-42C4-92D6-8FB457BA7F8D}.Debug|Any CPU.ActiveCfg = Debug|Any CPU
		{2A41B89B-ED3D-42C4-92D6-8FB457BA7F8D}.Debug|Any CPU.Build.0 = Debug|Any CPU
		{2A41B89B-ED3D-42C4-92D6-8FB457BA7F8D}.Release|Any CPU.ActiveCfg = Release|Any CPU
		{2A41B89B-ED3D-42C4-92D6-8FB457BA7F8D}.Release|Any CPU.Build.0 = Release|Any CPU
	EndGlobalSection
	GlobalSection(NestedProjects) = preSolution
		{0E0CACA5-3E1B-44A7-A8DF-763C23CE4998} = {14879EDF-65FC-45DE-8DF8-53FA7674D96C}
		{E83A0118-D0AB-4320-8CC1-AFE0C7AD7C16} = {F7DEA8C9-EB29-40C1-A8F9-3CF0E3C4F270}
		{F876DC7D-032D-4511-94F7-601039FF55C5} = {F7DEA8C9-EB29-40C1-A8F9-3CF0E3C4F270}
		{2A41B89B-ED3D-42C4-92D6-8FB457BA7F8D} = {F7DEA8C9-EB29-40C1-A8F9-3CF0E3C4F270}
		{E8BB2AD7-FE4A-40CA-8C49-2DABB5BEA82A} = {F7DEA8C9-EB29-40C1-A8F9-3CF0E3C4F270}
		{D20BDFFB-AE4C-4EF7-AAB6-D8439BD95212} = {F7DEA8C9-EB29-40C1-A8F9-3CF0E3C4F270}
	EndGlobalSection
EndGlobal
